
Microsoft Visual Studio Solution File, Format Version 12.00
# Visual Studio Version 17
VisualStudioVersion = 17.6.33815.320
MinimumVisualStudioVersion = 10.0.40219.1
Project("{8BC9CEB8-8B4A-11D0-8D11-00A0C91BC942}") = "StaticLibListFiles", "StaticLibListFiles.vcxproj", "{1BB2D788-1F76-4571-A7FE-73B394AAD629}"
EndProject
Project("{8BC9CEB8-8B4A-11D0-8D11-00A0C91BC942}") = "ConsoleStaticLibrary", "..\ConsoleStaticLibrary\ConsoleStaticLibrary.vcxproj", "{B6A7E342-DAB0-4CF2-B651-8C3DE88B783C}"
EndProject
Project("{8BC9CEB8-8B4A-11D0-8D11-00A0C91BC942}") = "MFCAStaticLib", "..\MFCAStaticLib\MFCAStaticLib.vcxproj", "{71386127-F660-46FA-9B4C-C0714AAB5C76}"
EndProject
Global
	GlobalSection(SolutionConfigurationPlatforms) = preSolution
		Debug|x64 = Debug|x64
		Debug|x86 = Debug|x86
		Release|x64 = Release|x64
		Release|x86 = Release|x86
	EndGlobalSection
	GlobalSection(ProjectConfigurationPlatforms) = postSolution
		{1BB2D788-1F76-4571-A7FE-73B394AAD629}.Debug|x64.ActiveCfg = Debug|x64
		{1BB2D788-1F76-4571-A7FE-73B394AAD629}.Debug|x64.Build.0 = Debug|x64
		{1BB2D788-1F76-4571-A7FE-73B394AAD629}.Debug|x86.ActiveCfg = Debug|Win32
		{1BB2D788-1F76-4571-A7FE-73B394AAD629}.Debug|x86.Build.0 = Debug|Win32
		{1BB2D788-1F76-4571-A7FE-73B394AAD629}.Release|x64.ActiveCfg = Release|x64
		{1BB2D788-1F76-4571-A7FE-73B394AAD629}.Release|x64.Build.0 = Release|x64
		{1BB2D788-1F76-4571-A7FE-73B394AAD629}.Release|x86.ActiveCfg = Release|Win32
		{1BB2D788-1F76-4571-A7FE-73B394AAD629}.Release|x86.Build.0 = Release|Win32
		{B6A7E342-DAB0-4CF2-B651-8C3DE88B783C}.Debug|x64.ActiveCfg = Debug|x64
		{B6A7E342-DAB0-4CF2-B651-8C3DE88B783C}.Debug|x64.Build.0 = Debug|x64
		{B6A7E342-DAB0-4CF2-B651-8C3DE88B783C}.Debug|x86.ActiveCfg = Debug|Win32
		{B6A7E342-DAB0-4CF2-B651-8C3DE88B783C}.Debug|x86.Build.0 = Debug|Win32
		{B6A7E342-DAB0-4CF2-B651-8C3DE88B783C}.Release|x64.ActiveCfg = Release|x64
		{B6A7E342-DAB0-4CF2-B651-8C3DE88B783C}.Release|x64.Build.0 = Release|x64
		{B6A7E342-DAB0-4CF2-B651-8C3DE88B783C}.Release|x86.ActiveCfg = Release|Win32
		{B6A7E342-DAB0-4CF2-B651-8C3DE88B783C}.Release|x86.Build.0 = Release|Win32
		{71386127-F660-46FA-9B4C-C0714AAB5C76}.Debug|x64.ActiveCfg = Debug|x64
		{71386127-F660-46FA-9B4C-C0714AAB5C76}.Debug|x64.Build.0 = Debug|x64
		{71386127-F660-46FA-9B4C-C0714AAB5C76}.Debug|x86.ActiveCfg = Debug|Win32
		{71386127-F660-46FA-9B4C-C0714AAB5C76}.Debug|x86.Build.0 = Debug|Win32
		{71386127-F660-46FA-9B4C-C0714AAB5C76}.Release|x64.ActiveCfg = Release|x64
		{71386127-F660-46FA-9B4C-C0714AAB5C76}.Release|x64.Build.0 = Release|x64
		{71386127-F660-46FA-9B4C-C0714AAB5C76}.Release|x86.ActiveCfg = Release|Win32
		{71386127-F660-46FA-9B4C-C0714AAB5C76}.Release|x86.Build.0 = Release|Win32
	EndGlobalSection
	GlobalSection(SolutionProperties) = preSolution
		HideSolutionNode = FALSE
	EndGlobalSection
	GlobalSection(ExtensibilityGlobals) = postSolution
		SolutionGuid = {EDF13611-291C-4678-B622-5AD9D53D8A4A}
	EndGlobalSection
EndGlobal
