
Microsoft Visual Studio Solution File, Format Version 12.00
# Visual Studio Version 17
VisualStudioVersion = 17.4.33110.190
MinimumVisualStudioVersion = 10.0.40219.1
Project("{FAE04EC0-301F-11D3-BF4B-00C04F79EFBC}") = "PocHelperLibrary", "PocHelperLibrary\PocHelperLibrary.csproj", "{02C20FB1-C656-4F70-A97A-1475496C23C4}"
EndProject
Project("{FAE04EC0-301F-11D3-BF4B-00C04F79EFBC}") = "PocHelperLibraryDev", "PocHelperLibraryDev\PocHelperLibraryDev.csproj", "{9C1E70A0-0422-467D-B4A1-09B8FBAB9928}"
EndProject
Global
	GlobalSection(SolutionConfigurationPlatforms) = preSolution
		Debug|Any CPU = Debug|Any CPU
		Release|Any CPU = Release|Any CPU
	EndGlobalSection
	GlobalSection(ProjectConfigurationPlatforms) = postSolution
		{02C20FB1-C656-4F70-A97A-1475496C23C4}.Debug|Any CPU.ActiveCfg = Debug|Any CPU
		{02C20FB1-C656-4F70-A97A-1475496C23C4}.Debug|Any CPU.Build.0 = Debug|Any CPU
		{02C20FB1-C656-4F70-A97A-1475496C23C4}.Release|Any CPU.ActiveCfg = Release|Any CPU
		{02C20FB1-C656-4F70-A97A-1475496C23C4}.Release|Any CPU.Build.0 = Release|Any CPU
		{9C1E70A0-0422-467D-B4A1-09B8FBAB9928}.Debug|Any CPU.ActiveCfg = Debug|Any CPU
		{9C1E70A0-0422-467D-B4A1-09B8FBAB9928}.Debug|Any CPU.Build.0 = Debug|Any CPU
		{9C1E70A0-0422-467D-B4A1-09B8FBAB9928}.Release|Any CPU.ActiveCfg = Release|Any CPU
		{9C1E70A0-0422-467D-B4A1-09B8FBAB9928}.Release|Any CPU.Build.0 = Release|Any CPU
	EndGlobalSection
	GlobalSection(SolutionProperties) = preSolution
		HideSolutionNode = FALSE
	EndGlobalSection
	GlobalSection(ExtensibilityGlobals) = postSolution
		SolutionGuid = {41474B73-6EA6-4407-9F20-A28814F73FE9}
	EndGlobalSection
EndGlobal
