
Microsoft Visual Studio Solution File, Format Version 12.00
# Visual Studio Version 17
VisualStudioVersion = 17.13.35828.75 d17.13
MinimumVisualStudioVersion = 10.0.40219.1
Project("{FAE04EC0-301F-11D3-BF4B-00C04F79EFBC}") = "PocCSharpGitSsh", "PocCSharpGitSsh.csproj", "{EAF8C48F-7A76-40F6-9EE1-F5FDA5160115}"
EndProject
Global
	GlobalSection(SolutionConfigurationPlatforms) = preSolution
		Debug|Any CPU = Debug|Any CPU
		Release|Any CPU = Release|Any CPU
	EndGlobalSection
	GlobalSection(ProjectConfigurationPlatforms) = postSolution
		{EAF8C48F-7A76-40F6-9EE1-F5FDA5160115}.Debug|Any CPU.ActiveCfg = Debug|Any CPU
		{EAF8C48F-7A76-40F6-9EE1-F5FDA5160115}.Debug|Any CPU.Build.0 = Debug|Any CPU
		{EAF8C48F-7A76-40F6-9EE1-F5FDA5160115}.Release|Any CPU.ActiveCfg = Release|Any CPU
		{EAF8C48F-7A76-40F6-9EE1-F5FDA5160115}.Release|Any CPU.Build.0 = Release|Any CPU
	EndGlobalSection
	GlobalSection(SolutionProperties) = preSolution
		HideSolutionNode = FALSE
	EndGlobalSection
	GlobalSection(ExtensibilityGlobals) = postSolution
		SolutionGuid = {48893E6B-3DCC-4CAB-85FD-6EA76A3AE376}
	EndGlobalSection
EndGlobal
